// !$*UTF8*$!
{
	archiveVersion = 1;
	classes = {
	};
	objectVersion = 51;
	objects = {

/* Begin PBXBuildFile section */
		76832C492593EDE700D9B5D0 /* AppDelegate.swift in Sources */ = {isa = PBXBuildFile; fileRef = 76832C482593EDE700D9B5D0 /* AppDelegate.swift */; };
		76832C522593EDE800D9B5D0 /* Assets.xcassets in Resources */ = {isa = PBXBuildFile; fileRef = 76832C512593EDE800D9B5D0 /* Assets.xcassets */; };
		76832C5E2593EFB100D9B5D0 /* Coordinator.swift in Sources */ = {isa = PBXBuildFile; fileRef = 76832C5D2593EFB100D9B5D0 /* Coordinator.swift */; };
		76832C602593EFE200D9B5D0 /* MainCoordinator.swift in Sources */ = {isa = PBXBuildFile; fileRef = 76832C5F2593EFE200D9B5D0 /* MainCoordinator.swift */; };
		76832C632593F11000D9B5D0 /* HomeCoordinator.swift in Sources */ = {isa = PBXBuildFile; fileRef = 76832C622593F11000D9B5D0 /* HomeCoordinator.swift */; };
		76832C662593F26400D9B5D0 /* HomeViewController.swift in Sources */ = {isa = PBXBuildFile; fileRef = 76832C652593F26400D9B5D0 /* HomeViewController.swift */; };
		76832C6A2593F75C00D9B5D0 /* LaunchScreen.storyboard in Resources */ = {isa = PBXBuildFile; fileRef = 76832C692593F75C00D9B5D0 /* LaunchScreen.storyboard */; };
		7697EB452595140700C45945 /* HomeViewModel.swift in Sources */ = {isa = PBXBuildFile; fileRef = 7697EB442595140700C45945 /* HomeViewModel.swift */; };
		7697EB482595147900C45945 /* HomeView.swift in Sources */ = {isa = PBXBuildFile; fileRef = 7697EB472595147900C45945 /* HomeView.swift */; };
		7697EB4A2595184400C45945 /* BlissButton.swift in Sources */ = {isa = PBXBuildFile; fileRef = 7697EB492595184400C45945 /* BlissButton.swift */; };
		7697EB4D259533BE00C45945 /* GitHubService.swift in Sources */ = {isa = PBXBuildFile; fileRef = 7697EB4C259533BE00C45945 /* GitHubService.swift */; };
		7697EB5025953EAE00C45945 /* UIImageView+Downloadable.swift in Sources */ = {isa = PBXBuildFile; fileRef = 7697EB4F25953EAE00C45945 /* UIImageView+Downloadable.swift */; };
		76CEE04325980C4F00D60A06 /* CoreDataManager.swift in Sources */ = {isa = PBXBuildFile; fileRef = 76CEE04225980C4F00D60A06 /* CoreDataManager.swift */; };
		76CEE06E259823A900D60A06 /* bliss-app.xcdatamodeld in Sources */ = {isa = PBXBuildFile; fileRef = 76CEE03F2598063C00D60A06 /* bliss-app.xcdatamodeld */; };
		76CEE071259939BF00D60A06 /* User.swift in Sources */ = {isa = PBXBuildFile; fileRef = 76CEE070259939BF00D60A06 /* User.swift */; };
		76CEE07525996FA300D60A06 /* BACollectionView.swift in Sources */ = {isa = PBXBuildFile; fileRef = 76CEE07425996FA300D60A06 /* BACollectionView.swift */; };
		76CEE077259970AA00D60A06 /* AvatarListViewController.swift in Sources */ = {isa = PBXBuildFile; fileRef = 76CEE076259970AA00D60A06 /* AvatarListViewController.swift */; };
		76CEE0792599715400D60A06 /* AvatarListViewModel.swift in Sources */ = {isa = PBXBuildFile; fileRef = 76CEE0782599715400D60A06 /* AvatarListViewModel.swift */; };
		76EDEAB42597C64400A3799F /* Bindable.swift in Sources */ = {isa = PBXBuildFile; fileRef = 76EDEAB32597C64400A3799F /* Bindable.swift */; };
		76EDEAB62597F47F00A3799F /* EmojisListViewModel.swift in Sources */ = {isa = PBXBuildFile; fileRef = 76EDEAB52597F47F00A3799F /* EmojisListViewModel.swift */; };
		76EDEAB82597F4AD00A3799F /* BAListViewController.swift in Sources */ = {isa = PBXBuildFile; fileRef = 76EDEAB72597F4AD00A3799F /* BAListViewController.swift */; };
		76EDEABC2597F81400A3799F /* EmojisCell.swift in Sources */ = {isa = PBXBuildFile; fileRef = 76EDEABB2597F81400A3799F /* EmojisCell.swift */; };
		7AC838B70EAA53A0766AEEE3 /* Pods_bliss_app.framework in Frameworks */ = {isa = PBXBuildFile; fileRef = 9DE0E3548EB049D679E9AC89 /* Pods_bliss_app.framework */; };
/* End PBXBuildFile section */

/* Begin PBXFileReference section */
		2BFFAEA9DE938C47D32B408F /* Pods-bliss-app.debug.xcconfig */ = {isa = PBXFileReference; includeInIndex = 1; lastKnownFileType = text.xcconfig; name = "Pods-bliss-app.debug.xcconfig"; path = "Target Support Files/Pods-bliss-app/Pods-bliss-app.debug.xcconfig"; sourceTree = "<group>"; };
		5D54B16F393E94889BDD340A /* Pods-bliss-app.release.xcconfig */ = {isa = PBXFileReference; includeInIndex = 1; lastKnownFileType = text.xcconfig; name = "Pods-bliss-app.release.xcconfig"; path = "Target Support Files/Pods-bliss-app/Pods-bliss-app.release.xcconfig"; sourceTree = "<group>"; };
		76832C452593EDE700D9B5D0 /* bliss-app.app */ = {isa = PBXFileReference; explicitFileType = wrapper.application; includeInIndex = 0; path = "bliss-app.app"; sourceTree = BUILT_PRODUCTS_DIR; };
		76832C482593EDE700D9B5D0 /* AppDelegate.swift */ = {isa = PBXFileReference; lastKnownFileType = sourcecode.swift; path = AppDelegate.swift; sourceTree = "<group>"; };
		76832C512593EDE800D9B5D0 /* Assets.xcassets */ = {isa = PBXFileReference; lastKnownFileType = folder.assetcatalog; path = Assets.xcassets; sourceTree = "<group>"; };
		76832C562593EDE800D9B5D0 /* Info.plist */ = {isa = PBXFileReference; lastKnownFileType = text.plist.xml; path = Info.plist; sourceTree = "<group>"; };
		76832C5D2593EFB100D9B5D0 /* Coordinator.swift */ = {isa = PBXFileReference; lastKnownFileType = sourcecode.swift; path = Coordinator.swift; sourceTree = "<group>"; };
		76832C5F2593EFE200D9B5D0 /* MainCoordinator.swift */ = {isa = PBXFileReference; lastKnownFileType = sourcecode.swift; path = MainCoordinator.swift; sourceTree = "<group>"; };
		76832C622593F11000D9B5D0 /* HomeCoordinator.swift */ = {isa = PBXFileReference; lastKnownFileType = sourcecode.swift; path = HomeCoordinator.swift; sourceTree = "<group>"; };
		76832C652593F26400D9B5D0 /* HomeViewController.swift */ = {isa = PBXFileReference; lastKnownFileType = sourcecode.swift; path = HomeViewController.swift; sourceTree = "<group>"; };
		76832C692593F75C00D9B5D0 /* LaunchScreen.storyboard */ = {isa = PBXFileReference; lastKnownFileType = file.storyboard; path = LaunchScreen.storyboard; sourceTree = "<group>"; };
		7697EB442595140700C45945 /* HomeViewModel.swift */ = {isa = PBXFileReference; lastKnownFileType = sourcecode.swift; path = HomeViewModel.swift; sourceTree = "<group>"; };
		7697EB472595147900C45945 /* HomeView.swift */ = {isa = PBXFileReference; lastKnownFileType = sourcecode.swift; path = HomeView.swift; sourceTree = "<group>"; };
		7697EB492595184400C45945 /* BlissButton.swift */ = {isa = PBXFileReference; lastKnownFileType = sourcecode.swift; path = BlissButton.swift; sourceTree = "<group>"; };
		7697EB4C259533BE00C45945 /* GitHubService.swift */ = {isa = PBXFileReference; lastKnownFileType = sourcecode.swift; path = GitHubService.swift; sourceTree = "<group>"; };
		7697EB4F25953EAE00C45945 /* UIImageView+Downloadable.swift */ = {isa = PBXFileReference; lastKnownFileType = sourcecode.swift; path = "UIImageView+Downloadable.swift"; sourceTree = "<group>"; };
		76CEE0402598063C00D60A06 /* bliss-app.xcdatamodel */ = {isa = PBXFileReference; lastKnownFileType = wrapper.xcdatamodel; path = "bliss-app.xcdatamodel"; sourceTree = "<group>"; };
		76CEE04225980C4F00D60A06 /* CoreDataManager.swift */ = {isa = PBXFileReference; lastKnownFileType = sourcecode.swift; path = CoreDataManager.swift; sourceTree = "<group>"; };
		76CEE070259939BF00D60A06 /* User.swift */ = {isa = PBXFileReference; lastKnownFileType = sourcecode.swift; path = User.swift; sourceTree = "<group>"; };
		76CEE07425996FA300D60A06 /* BACollectionView.swift */ = {isa = PBXFileReference; fileEncoding = 4; lastKnownFileType = sourcecode.swift; path = BACollectionView.swift; sourceTree = "<group>"; };
		76CEE076259970AA00D60A06 /* AvatarListViewController.swift */ = {isa = PBXFileReference; lastKnownFileType = sourcecode.swift; path = AvatarListViewController.swift; sourceTree = "<group>"; };
		76CEE0782599715400D60A06 /* AvatarListViewModel.swift */ = {isa = PBXFileReference; lastKnownFileType = sourcecode.swift; path = AvatarListViewModel.swift; sourceTree = "<group>"; };
		76EDEAB32597C64400A3799F /* Bindable.swift */ = {isa = PBXFileReference; lastKnownFileType = sourcecode.swift; path = Bindable.swift; sourceTree = "<group>"; };
		76EDEAB52597F47F00A3799F /* EmojisListViewModel.swift */ = {isa = PBXFileReference; lastKnownFileType = sourcecode.swift; path = EmojisListViewModel.swift; sourceTree = "<group>"; };
		76EDEAB72597F4AD00A3799F /* BAListViewController.swift */ = {isa = PBXFileReference; lastKnownFileType = sourcecode.swift; path = BAListViewController.swift; sourceTree = "<group>"; };
		76EDEABB2597F81400A3799F /* EmojisCell.swift */ = {isa = PBXFileReference; lastKnownFileType = sourcecode.swift; path = EmojisCell.swift; sourceTree = "<group>"; };
		9DE0E3548EB049D679E9AC89 /* Pods_bliss_app.framework */ = {isa = PBXFileReference; explicitFileType = wrapper.framework; includeInIndex = 0; path = Pods_bliss_app.framework; sourceTree = BUILT_PRODUCTS_DIR; };
/* End PBXFileReference section */

/* Begin PBXFrameworksBuildPhase section */
		76832C422593EDE700D9B5D0 /* Frameworks */ = {
			isa = PBXFrameworksBuildPhase;
			buildActionMask = 2147483647;
			files = (
				7AC838B70EAA53A0766AEEE3 /* Pods_bliss_app.framework in Frameworks */,
			);
			runOnlyForDeploymentPostprocessing = 0;
		};
/* End PBXFrameworksBuildPhase section */

/* Begin PBXGroup section */
		44FAB7137E4308D706C4AE2E /* Pods */ = {
			isa = PBXGroup;
			children = (
				2BFFAEA9DE938C47D32B408F /* Pods-bliss-app.debug.xcconfig */,
				5D54B16F393E94889BDD340A /* Pods-bliss-app.release.xcconfig */,
			);
			path = Pods;
			sourceTree = "<group>";
		};
		6B375C535463E43F991FFCAC /* Frameworks */ = {
			isa = PBXGroup;
			children = (
				9DE0E3548EB049D679E9AC89 /* Pods_bliss_app.framework */,
			);
			name = Frameworks;
			sourceTree = "<group>";
		};
		76832C3C2593EDE700D9B5D0 = {
			isa = PBXGroup;
			children = (
				76832C472593EDE700D9B5D0 /* bliss-app */,
				76832C462593EDE700D9B5D0 /* Products */,
				44FAB7137E4308D706C4AE2E /* Pods */,
				6B375C535463E43F991FFCAC /* Frameworks */,
			);
			sourceTree = "<group>";
		};
		76832C462593EDE700D9B5D0 /* Products */ = {
			isa = PBXGroup;
			children = (
				76832C452593EDE700D9B5D0 /* bliss-app.app */,
			);
			name = Products;
			sourceTree = "<group>";
		};
		76832C472593EDE700D9B5D0 /* bliss-app */ = {
			isa = PBXGroup;
			children = (
				76CEE06F259939AB00D60A06 /* Model */,
				76CEE03E2598062500D60A06 /* CoreData */,
				7697EB4E25953EA300C45945 /* Utils */,
				7697EB4B259533A800C45945 /* Service */,
				7697EB462595146D00C45945 /* View */,
				7697EB43259513F200C45945 /* ViewModel */,
				76832C642593F25800D9B5D0 /* Controllers */,
				76832C5C2593EF9C00D9B5D0 /* Coordinator */,
				76832C482593EDE700D9B5D0 /* AppDelegate.swift */,
				76832C512593EDE800D9B5D0 /* Assets.xcassets */,
				76832C562593EDE800D9B5D0 /* Info.plist */,
				76832C692593F75C00D9B5D0 /* LaunchScreen.storyboard */,
			);
			path = "bliss-app";
			sourceTree = "<group>";
		};
		76832C5C2593EF9C00D9B5D0 /* Coordinator */ = {
			isa = PBXGroup;
			children = (
				76832C5D2593EFB100D9B5D0 /* Coordinator.swift */,
				76832C5F2593EFE200D9B5D0 /* MainCoordinator.swift */,
				76832C622593F11000D9B5D0 /* HomeCoordinator.swift */,
			);
			path = Coordinator;
			sourceTree = "<group>";
		};
		76832C642593F25800D9B5D0 /* Controllers */ = {
			isa = PBXGroup;
			children = (
				76832C652593F26400D9B5D0 /* HomeViewController.swift */,
				76EDEAB72597F4AD00A3799F /* BAListViewController.swift */,
				76CEE076259970AA00D60A06 /* AvatarListViewController.swift */,
			);
			path = Controllers;
			sourceTree = "<group>";
		};
		7697EB43259513F200C45945 /* ViewModel */ = {
			isa = PBXGroup;
			children = (
				7697EB442595140700C45945 /* HomeViewModel.swift */,
				76EDEAB52597F47F00A3799F /* EmojisListViewModel.swift */,
				76CEE0782599715400D60A06 /* AvatarListViewModel.swift */,
			);
			path = ViewModel;
			sourceTree = "<group>";
		};
		7697EB462595146D00C45945 /* View */ = {
			isa = PBXGroup;
			children = (
				76EDEABE2597F82000A3799F /* Components */,
				76EDEABD2597F81800A3799F /* Cells */,
				76CEE07425996FA300D60A06 /* BACollectionView.swift */,
				7697EB472595147900C45945 /* HomeView.swift */,
			);
			path = View;
			sourceTree = "<group>";
		};
		7697EB4B259533A800C45945 /* Service */ = {
			isa = PBXGroup;
			children = (
				7697EB4C259533BE00C45945 /* GitHubService.swift */,
			);
			path = Service;
			sourceTree = "<group>";
		};
		7697EB4E25953EA300C45945 /* Utils */ = {
			isa = PBXGroup;
			children = (
				7697EB4F25953EAE00C45945 /* UIImageView+Downloadable.swift */,
				76EDEAB32597C64400A3799F /* Bindable.swift */,
			);
			path = Utils;
			sourceTree = "<group>";
		};
		76CEE03E2598062500D60A06 /* CoreData */ = {
			isa = PBXGroup;
			children = (
				76CEE03F2598063C00D60A06 /* bliss-app.xcdatamodeld */,
				76CEE04225980C4F00D60A06 /* CoreDataManager.swift */,
			);
			path = CoreData;
			sourceTree = "<group>";
		};
		76CEE06F259939AB00D60A06 /* Model */ = {
			isa = PBXGroup;
			children = (
				76CEE070259939BF00D60A06 /* User.swift */,
			);
			path = Model;
			sourceTree = "<group>";
		};
		76EDEABD2597F81800A3799F /* Cells */ = {
			isa = PBXGroup;
			children = (
				76EDEABB2597F81400A3799F /* EmojisCell.swift */,
			);
			path = Cells;
			sourceTree = "<group>";
		};
		76EDEABE2597F82000A3799F /* Components */ = {
			isa = PBXGroup;
			children = (
				7697EB492595184400C45945 /* BlissButton.swift */,
			);
			path = Components;
			sourceTree = "<group>";
		};
/* End PBXGroup section */

/* Begin PBXNativeTarget section */
		76832C442593EDE700D9B5D0 /* bliss-app */ = {
			isa = PBXNativeTarget;
			buildConfigurationList = 76832C592593EDE800D9B5D0 /* Build configuration list for PBXNativeTarget "bliss-app" */;
			buildPhases = (
				FC67D4BD7C533E627BAAB371 /* [CP] Check Pods Manifest.lock */,
				76832C412593EDE700D9B5D0 /* Sources */,
				76832C422593EDE700D9B5D0 /* Frameworks */,
				76832C432593EDE700D9B5D0 /* Resources */,
				155458DEC2CDC60B786775FF /* [CP] Embed Pods Frameworks */,
			);
			buildRules = (
			);
			dependencies = (
			);
			name = "bliss-app";
			productName = "bliss-app";
			productReference = 76832C452593EDE700D9B5D0 /* bliss-app.app */;
			productType = "com.apple.product-type.application";
		};
/* End PBXNativeTarget section */

/* Begin PBXProject section */
		76832C3D2593EDE700D9B5D0 /* Project object */ = {
			isa = PBXProject;
			attributes = {
				LastSwiftUpdateCheck = 1130;
				LastUpgradeCheck = 1130;
				ORGANIZATIONNAME = "Arthur Veloso Gouveia Melo";
				TargetAttributes = {
					76832C442593EDE700D9B5D0 = {
						CreatedOnToolsVersion = 11.3.1;
					};
				};
			};
			buildConfigurationList = 76832C402593EDE700D9B5D0 /* Build configuration list for PBXProject "bliss-app" */;
			compatibilityVersion = "Xcode 9.3";
			developmentRegion = en;
			hasScannedForEncodings = 0;
			knownRegions = (
				en,
				Base,
			);
			mainGroup = 76832C3C2593EDE700D9B5D0;
			productRefGroup = 76832C462593EDE700D9B5D0 /* Products */;
			projectDirPath = "";
			projectRoot = "";
			targets = (
				76832C442593EDE700D9B5D0 /* bliss-app */,
			);
		};
/* End PBXProject section */

/* Begin PBXResourcesBuildPhase section */
		76832C432593EDE700D9B5D0 /* Resources */ = {
			isa = PBXResourcesBuildPhase;
			buildActionMask = 2147483647;
			files = (
				76832C522593EDE800D9B5D0 /* Assets.xcassets in Resources */,
				76832C6A2593F75C00D9B5D0 /* LaunchScreen.storyboard in Resources */,
			);
			runOnlyForDeploymentPostprocessing = 0;
		};
/* End PBXResourcesBuildPhase section */

/* Begin PBXShellScriptBuildPhase section */
		155458DEC2CDC60B786775FF /* [CP] Embed Pods Frameworks */ = {
			isa = PBXShellScriptBuildPhase;
			buildActionMask = 2147483647;
			files = (
			);
			inputFileListPaths = (
				"${PODS_ROOT}/Target Support Files/Pods-bliss-app/Pods-bliss-app-frameworks-${CONFIGURATION}-input-files.xcfilelist",
			);
			name = "[CP] Embed Pods Frameworks";
			outputFileListPaths = (
				"${PODS_ROOT}/Target Support Files/Pods-bliss-app/Pods-bliss-app-frameworks-${CONFIGURATION}-output-files.xcfilelist",
			);
			runOnlyForDeploymentPostprocessing = 0;
			shellPath = /bin/sh;
			shellScript = "\"${PODS_ROOT}/Target Support Files/Pods-bliss-app/Pods-bliss-app-frameworks.sh\"\n";
			showEnvVarsInLog = 0;
		};
		FC67D4BD7C533E627BAAB371 /* [CP] Check Pods Manifest.lock */ = {
			isa = PBXShellScriptBuildPhase;
			buildActionMask = 2147483647;
			files = (
			);
			inputFileListPaths = (
			);
			inputPaths = (
				"${PODS_PODFILE_DIR_PATH}/Podfile.lock",
				"${PODS_ROOT}/Manifest.lock",
			);
			name = "[CP] Check Pods Manifest.lock";
			outputFileListPaths = (
			);
			outputPaths = (
				"$(DERIVED_FILE_DIR)/Pods-bliss-app-checkManifestLockResult.txt",
			);
			runOnlyForDeploymentPostprocessing = 0;
			shellPath = /bin/sh;
			shellScript = "diff \"${PODS_PODFILE_DIR_PATH}/Podfile.lock\" \"${PODS_ROOT}/Manifest.lock\" > /dev/null\nif [ $? != 0 ] ; then\n    # print error to STDERR\n    echo \"error: The sandbox is not in sync with the Podfile.lock. Run 'pod install' or update your CocoaPods installation.\" >&2\n    exit 1\nfi\n# This output is used by Xcode 'outputs' to avoid re-running this script phase.\necho \"SUCCESS\" > \"${SCRIPT_OUTPUT_FILE_0}\"\n";
			showEnvVarsInLog = 0;
		};
/* End PBXShellScriptBuildPhase section */

/* Begin PBXSourcesBuildPhase section */
		76832C412593EDE700D9B5D0 /* Sources */ = {
			isa = PBXSourcesBuildPhase;
			buildActionMask = 2147483647;
			files = (
				76832C602593EFE200D9B5D0 /* MainCoordinator.swift in Sources */,
				76CEE07525996FA300D60A06 /* BACollectionView.swift in Sources */,
				7697EB482595147900C45945 /* HomeView.swift in Sources */,
				7697EB452595140700C45945 /* HomeViewModel.swift in Sources */,
				76EDEAB82597F4AD00A3799F /* BAListViewController.swift in Sources */,
				76CEE04325980C4F00D60A06 /* CoreDataManager.swift in Sources */,
				76832C632593F11000D9B5D0 /* HomeCoordinator.swift in Sources */,
				76EDEAB42597C64400A3799F /* Bindable.swift in Sources */,
				76CEE071259939BF00D60A06 /* User.swift in Sources */,
				76832C492593EDE700D9B5D0 /* AppDelegate.swift in Sources */,
				76CEE06E259823A900D60A06 /* bliss-app.xcdatamodeld in Sources */,
				7697EB5025953EAE00C45945 /* UIImageView+Downloadable.swift in Sources */,
				76EDEAB62597F47F00A3799F /* EmojisListViewModel.swift in Sources */,
				7697EB4A2595184400C45945 /* BlissButton.swift in Sources */,
				76CEE077259970AA00D60A06 /* AvatarListViewController.swift in Sources */,
				76CEE0792599715400D60A06 /* AvatarListViewModel.swift in Sources */,
				76832C5E2593EFB100D9B5D0 /* Coordinator.swift in Sources */,
				76EDEABC2597F81400A3799F /* EmojisCell.swift in Sources */,
				7697EB4D259533BE00C45945 /* GitHubService.swift in Sources */,
				76832C662593F26400D9B5D0 /* HomeViewController.swift in Sources */,
			);
			runOnlyForDeploymentPostprocessing = 0;
		};
/* End PBXSourcesBuildPhase section */

/* Begin XCBuildConfiguration section */
		76832C572593EDE800D9B5D0 /* Debug */ = {
			isa = XCBuildConfiguration;
			buildSettings = {
				ALWAYS_SEARCH_USER_PATHS = NO;
				CLANG_ANALYZER_NONNULL = YES;
				CLANG_ANALYZER_NUMBER_OBJECT_CONVERSION = YES_AGGRESSIVE;
				CLANG_CXX_LANGUAGE_STANDARD = "gnu++14";
				CLANG_CXX_LIBRARY = "libc++";
				CLANG_ENABLE_MODULES = YES;
				CLANG_ENABLE_OBJC_ARC = YES;
				CLANG_ENABLE_OBJC_WEAK = YES;
				CLANG_WARN_BLOCK_CAPTURE_AUTORELEASING = YES;
				CLANG_WARN_BOOL_CONVERSION = YES;
				CLANG_WARN_COMMA = YES;
				CLANG_WARN_CONSTANT_CONVERSION = YES;
				CLANG_WARN_DEPRECATED_OBJC_IMPLEMENTATIONS = YES;
				CLANG_WARN_DIRECT_OBJC_ISA_USAGE = YES_ERROR;
				CLANG_WARN_DOCUMENTATION_COMMENTS = YES;
				CLANG_WARN_EMPTY_BODY = YES;
				CLANG_WARN_ENUM_CONVERSION = YES;
				CLANG_WARN_INFINITE_RECURSION = YES;
				CLANG_WARN_INT_CONVERSION = YES;
				CLANG_WARN_NON_LITERAL_NULL_CONVERSION = YES;
				CLANG_WARN_OBJC_IMPLICIT_RETAIN_SELF = YES;
				CLANG_WARN_OBJC_LITERAL_CONVERSION = YES;
				CLANG_WARN_OBJC_ROOT_CLASS = YES_ERROR;
				CLANG_WARN_RANGE_LOOP_ANALYSIS = YES;
				CLANG_WARN_STRICT_PROTOTYPES = YES;
				CLANG_WARN_SUSPICIOUS_MOVE = YES;
				CLANG_WARN_UNGUARDED_AVAILABILITY = YES_AGGRESSIVE;
				CLANG_WARN_UNREACHABLE_CODE = YES;
				CLANG_WARN__DUPLICATE_METHOD_MATCH = YES;
				COPY_PHASE_STRIP = NO;
				DEBUG_INFORMATION_FORMAT = dwarf;
				ENABLE_STRICT_OBJC_MSGSEND = YES;
				ENABLE_TESTABILITY = YES;
				GCC_C_LANGUAGE_STANDARD = gnu11;
				GCC_DYNAMIC_NO_PIC = NO;
				GCC_NO_COMMON_BLOCKS = YES;
				GCC_OPTIMIZATION_LEVEL = 0;
				GCC_PREPROCESSOR_DEFINITIONS = (
					"DEBUG=1",
					"$(inherited)",
				);
				GCC_WARN_64_TO_32_BIT_CONVERSION = YES;
				GCC_WARN_ABOUT_RETURN_TYPE = YES_ERROR;
				GCC_WARN_UNDECLARED_SELECTOR = YES;
				GCC_WARN_UNINITIALIZED_AUTOS = YES_AGGRESSIVE;
				GCC_WARN_UNUSED_FUNCTION = YES;
				GCC_WARN_UNUSED_VARIABLE = YES;
				IPHONEOS_DEPLOYMENT_TARGET = 13.2;
				MTL_ENABLE_DEBUG_INFO = INCLUDE_SOURCE;
				MTL_FAST_MATH = YES;
				ONLY_ACTIVE_ARCH = YES;
				SDKROOT = iphoneos;
				SWIFT_ACTIVE_COMPILATION_CONDITIONS = DEBUG;
				SWIFT_OPTIMIZATION_LEVEL = "-Onone";
			};
			name = Debug;
		};
		76832C582593EDE800D9B5D0 /* Release */ = {
			isa = XCBuildConfiguration;
			buildSettings = {
				ALWAYS_SEARCH_USER_PATHS = NO;
				CLANG_ANALYZER_NONNULL = YES;
				CLANG_ANALYZER_NUMBER_OBJECT_CONVERSION = YES_AGGRESSIVE;
				CLANG_CXX_LANGUAGE_STANDARD = "gnu++14";
				CLANG_CXX_LIBRARY = "libc++";
				CLANG_ENABLE_MODULES = YES;
				CLANG_ENABLE_OBJC_ARC = YES;
				CLANG_ENABLE_OBJC_WEAK = YES;
				CLANG_WARN_BLOCK_CAPTURE_AUTORELEASING = YES;
				CLANG_WARN_BOOL_CONVERSION = YES;
				CLANG_WARN_COMMA = YES;
				CLANG_WARN_CONSTANT_CONVERSION = YES;
				CLANG_WARN_DEPRECATED_OBJC_IMPLEMENTATIONS = YES;
				CLANG_WARN_DIRECT_OBJC_ISA_USAGE = YES_ERROR;
				CLANG_WARN_DOCUMENTATION_COMMENTS = YES;
				CLANG_WARN_EMPTY_BODY = YES;
				CLANG_WARN_ENUM_CONVERSION = YES;
				CLANG_WARN_INFINITE_RECURSION = YES;
				CLANG_WARN_INT_CONVERSION = YES;
				CLANG_WARN_NON_LITERAL_NULL_CONVERSION = YES;
				CLANG_WARN_OBJC_IMPLICIT_RETAIN_SELF = YES;
				CLANG_WARN_OBJC_LITERAL_CONVERSION = YES;
				CLANG_WARN_OBJC_ROOT_CLASS = YES_ERROR;
				CLANG_WARN_RANGE_LOOP_ANALYSIS = YES;
				CLANG_WARN_STRICT_PROTOTYPES = YES;
				CLANG_WARN_SUSPICIOUS_MOVE = YES;
				CLANG_WARN_UNGUARDED_AVAILABILITY = YES_AGGRESSIVE;
				CLANG_WARN_UNREACHABLE_CODE = YES;
				CLANG_WARN__DUPLICATE_METHOD_MATCH = YES;
				COPY_PHASE_STRIP = NO;
				DEBUG_INFORMATION_FORMAT = "dwarf-with-dsym";
				ENABLE_NS_ASSERTIONS = NO;
				ENABLE_STRICT_OBJC_MSGSEND = YES;
				GCC_C_LANGUAGE_STANDARD = gnu11;
				GCC_NO_COMMON_BLOCKS = YES;
				GCC_WARN_64_TO_32_BIT_CONVERSION = YES;
				GCC_WARN_ABOUT_RETURN_TYPE = YES_ERROR;
				GCC_WARN_UNDECLARED_SELECTOR = YES;
				GCC_WARN_UNINITIALIZED_AUTOS = YES_AGGRESSIVE;
				GCC_WARN_UNUSED_FUNCTION = YES;
				GCC_WARN_UNUSED_VARIABLE = YES;
				IPHONEOS_DEPLOYMENT_TARGET = 13.2;
				MTL_ENABLE_DEBUG_INFO = NO;
				MTL_FAST_MATH = YES;
				SDKROOT = iphoneos;
				SWIFT_COMPILATION_MODE = wholemodule;
				SWIFT_OPTIMIZATION_LEVEL = "-O";
				VALIDATE_PRODUCT = YES;
			};
			name = Release;
		};
		76832C5A2593EDE800D9B5D0 /* Debug */ = {
			isa = XCBuildConfiguration;
			baseConfigurationReference = 2BFFAEA9DE938C47D32B408F /* Pods-bliss-app.debug.xcconfig */;
			buildSettings = {
				ASSETCATALOG_COMPILER_APPICON_NAME = AppIcon;
				CODE_SIGN_STYLE = Automatic;
				INFOPLIST_FILE = "bliss-app/Info.plist";
				IPHONEOS_DEPLOYMENT_TARGET = 12.0;
				LD_RUNPATH_SEARCH_PATHS = (
					"$(inherited)",
					"@executable_path/Frameworks",
				);
				PRODUCT_BUNDLE_IDENTIFIER = "com.arthurmelo.bliss-app";
				PRODUCT_NAME = "$(TARGET_NAME)";
				SWIFT_VERSION = 5.0;
				TARGETED_DEVICE_FAMILY = 1;
			};
			name = Debug;
		};
		76832C5B2593EDE800D9B5D0 /* Release */ = {
			isa = XCBuildConfiguration;
			baseConfigurationReference = 5D54B16F393E94889BDD340A /* Pods-bliss-app.release.xcconfig */;
			buildSettings = {
				ASSETCATALOG_COMPILER_APPICON_NAME = AppIcon;
				CODE_SIGN_STYLE = Automatic;
				INFOPLIST_FILE = "bliss-app/Info.plist";
				IPHONEOS_DEPLOYMENT_TARGET = 12.0;
				LD_RUNPATH_SEARCH_PATHS = (
					"$(inherited)",
					"@executable_path/Frameworks",
				);
				PRODUCT_BUNDLE_IDENTIFIER = "com.arthurmelo.bliss-app";
				PRODUCT_NAME = "$(TARGET_NAME)";
				SWIFT_VERSION = 5.0;
				TARGETED_DEVICE_FAMILY = 1;
			};
			name = Release;
		};
/* End XCBuildConfiguration section */

/* Begin XCConfigurationList section */
		76832C402593EDE700D9B5D0 /* Build configuration list for PBXProject "bliss-app" */ = {
			isa = XCConfigurationList;
			buildConfigurations = (
				76832C572593EDE800D9B5D0 /* Debug */,
				76832C582593EDE800D9B5D0 /* Release */,
			);
			defaultConfigurationIsVisible = 0;
			defaultConfigurationName = Release;
		};
		76832C592593EDE800D9B5D0 /* Build configuration list for PBXNativeTarget "bliss-app" */ = {
			isa = XCConfigurationList;
			buildConfigurations = (
				76832C5A2593EDE800D9B5D0 /* Debug */,
				76832C5B2593EDE800D9B5D0 /* Release */,
			);
			defaultConfigurationIsVisible = 0;
			defaultConfigurationName = Release;
		};
/* End XCConfigurationList section */

/* Begin XCVersionGroup section */
		76CEE03F2598063C00D60A06 /* bliss-app.xcdatamodeld */ = {
			isa = XCVersionGroup;
			children = (
				76CEE0402598063C00D60A06 /* bliss-app.xcdatamodel */,
			);
			currentVersion = 76CEE0402598063C00D60A06 /* bliss-app.xcdatamodel */;
			path = "bliss-app.xcdatamodeld";
			sourceTree = "<group>";
			versionGroupType = wrapper.xcdatamodel;
		};
/* End XCVersionGroup section */
	};
	rootObject = 76832C3D2593EDE700D9B5D0 /* Project object */;
}
